// !$*UTF8*$!
{
	archiveVersion = 1;
	classes = {
	};
	objectVersion = 55;
	objects = {

/* Begin PBXBuildFile section */
		1C0B314B73EBE3DF136B3312 /* User+Schema.swift in Sources */ = {isa = PBXBuildFile; fileRef = 9D542921CF767CB7D3DA4181 /* User+Schema.swift */; };
		567FBAE80AD2EED1F0D4E52E /* Perception.swift in Sources */ = {isa = PBXBuildFile; fileRef = A4A095FE13ADCA830366EEBD /* Perception.swift */; };
		63BD69E62E51911CC569212A /* Questions.swift in Sources */ = {isa = PBXBuildFile; fileRef = 924CFF169826CC4D23A714FC /* Questions.swift */; };
		740ABCDF275719F20008DB4C /* VerifyUtil.swift in Sources */ = {isa = PBXBuildFile; fileRef = 740ABCDE275719F20008DB4C /* VerifyUtil.swift */; };
		743AA82D275B5B720089D8EB /* AmplifyDataDao.swift in Sources */ = {isa = PBXBuildFile; fileRef = 743AA82C275B5B720089D8EB /* AmplifyDataDao.swift */; };
		743AA82F275B741C0089D8EB /* NotifitionUtil.swift in Sources */ = {isa = PBXBuildFile; fileRef = 743AA82E275B741C0089D8EB /* NotifitionUtil.swift */; };
		743B026A275D154A008AC0ED /* SystemUtil.swift in Sources */ = {isa = PBXBuildFile; fileRef = 743B0269275D154A008AC0ED /* SystemUtil.swift */; };
		7457128B273E7F2000432F90 /* Ques3ViewController.swift in Sources */ = {isa = PBXBuildFile; fileRef = 7457128A273E7F2000432F90 /* Ques3ViewController.swift */; };
		7457128D273E7F2C00432F90 /* Ques4ViewController.swift in Sources */ = {isa = PBXBuildFile; fileRef = 7457128C273E7F2C00432F90 /* Ques4ViewController.swift */; };
		74664FE727464873009A0B82 /* FinishViewController.swift in Sources */ = {isa = PBXBuildFile; fileRef = 74664FE627464873009A0B82 /* FinishViewController.swift */; };
		746C4D2E2733D2F600D36D20 /* awsconfiguration.json in Resources */ = {isa = PBXBuildFile; fileRef = 746C4D2C2733D2F600D36D20 /* awsconfiguration.json */; };
		746C4D2F2733D2F600D36D20 /* amplifyconfiguration.json in Resources */ = {isa = PBXBuildFile; fileRef = 746C4D2D2733D2F600D36D20 /* amplifyconfiguration.json */; };
		7476F11F27325E7800132908 /* HomeViewController.swift in Sources */ = {isa = PBXBuildFile; fileRef = 7476F11E27325E7800132908 /* HomeViewController.swift */; };
		747CA4B8275A800900F8B864 /* AmplifyService.swift in Sources */ = {isa = PBXBuildFile; fileRef = 747CA4B7275A800900F8B864 /* AmplifyService.swift */; };
		74899E49273D7051000E3F1F /* PrequestionController.swift in Sources */ = {isa = PBXBuildFile; fileRef = 74899E48273D7051000E3F1F /* PrequestionController.swift */; };
		74899E4D273D8571000E3F1F /* TapBarController.swift in Sources */ = {isa = PBXBuildFile; fileRef = 74899E4C273D8571000E3F1F /* TapBarController.swift */; };
		74899E53273E3913000E3F1F /* Ques2ViewController.swift in Sources */ = {isa = PBXBuildFile; fileRef = 74899E52273E3913000E3F1F /* Ques2ViewController.swift */; };
		7492A2C627319E7800DCFE27 /* LoginViewController.swift in Sources */ = {isa = PBXBuildFile; fileRef = 7492A2C527319E7800DCFE27 /* LoginViewController.swift */; };
		7492A2C827319EA300DCFE27 /* RegisterViewController.swift in Sources */ = {isa = PBXBuildFile; fileRef = 7492A2C727319EA300DCFE27 /* RegisterViewController.swift */; };
		7492A2CC2731A25500DCFE27 /* ConfirmeViewController.swift in Sources */ = {isa = PBXBuildFile; fileRef = 7492A2CB2731A25500DCFE27 /* ConfirmeViewController.swift */; };
		749AF44F2730D5BE00D32AEA /* AppDelegate.swift in Sources */ = {isa = PBXBuildFile; fileRef = 749AF44E2730D5BE00D32AEA /* AppDelegate.swift */; };
		749AF4512730D5BE00D32AEA /* SceneDelegate.swift in Sources */ = {isa = PBXBuildFile; fileRef = 749AF4502730D5BE00D32AEA /* SceneDelegate.swift */; };
		749AF4562730D5BE00D32AEA /* Main.storyboard in Resources */ = {isa = PBXBuildFile; fileRef = 749AF4542730D5BE00D32AEA /* Main.storyboard */; };
		749AF4582730D5BF00D32AEA /* Assets.xcassets in Resources */ = {isa = PBXBuildFile; fileRef = 749AF4572730D5BF00D32AEA /* Assets.xcassets */; };
		749AF45B2730D5BF00D32AEA /* LaunchScreen.storyboard in Resources */ = {isa = PBXBuildFile; fileRef = 749AF4592730D5BF00D32AEA /* LaunchScreen.storyboard */; };
		749AF4662730D5BF00D32AEA /* MasonTests.swift in Sources */ = {isa = PBXBuildFile; fileRef = 749AF4652730D5BF00D32AEA /* MasonTests.swift */; };
		749AF4702730D5BF00D32AEA /* MasonUITests.swift in Sources */ = {isa = PBXBuildFile; fileRef = 749AF46F2730D5BF00D32AEA /* MasonUITests.swift */; };
		749AF4722730D5BF00D32AEA /* MasonUITestsLaunchTests.swift in Sources */ = {isa = PBXBuildFile; fileRef = 749AF4712730D5BF00D32AEA /* MasonUITestsLaunchTests.swift */; };
		74C720892746C1CC009425AA /* PerContextViewController.swift in Sources */ = {isa = PBXBuildFile; fileRef = 74C720882746C1CC009425AA /* PerContextViewController.swift */; };
		74C7208B27474756009425AA /* UserViewController.swift in Sources */ = {isa = PBXBuildFile; fileRef = 74C7208A27474756009425AA /* UserViewController.swift */; };
		74E83CD02741FC68005CAA3F /* Ques5ViewController.swift in Sources */ = {isa = PBXBuildFile; fileRef = 74E83CCF2741FC68005CAA3F /* Ques5ViewController.swift */; };
		74E83CD22742082E005CAA3F /* Ques6_1ViewController.swift in Sources */ = {isa = PBXBuildFile; fileRef = 74E83CD12742082E005CAA3F /* Ques6_1ViewController.swift */; };
		74E83CD42742087B005CAA3F /* Ques6_2ViewController.swift in Sources */ = {isa = PBXBuildFile; fileRef = 74E83CD32742087B005CAA3F /* Ques6_2ViewController.swift */; };
		74E83CD627420889005CAA3F /* Ques7ViewController.swift in Sources */ = {isa = PBXBuildFile; fileRef = 74E83CD527420889005CAA3F /* Ques7ViewController.swift */; };
		74E83CD82745D64A005CAA3F /* Ques8ViewController.swift in Sources */ = {isa = PBXBuildFile; fileRef = 74E83CD72745D64A005CAA3F /* Ques8ViewController.swift */; };
		74E83CDC2745D950005CAA3F /* Ques9ViewController.swift in Sources */ = {isa = PBXBuildFile; fileRef = 74E83CDB2745D950005CAA3F /* Ques9ViewController.swift */; };
		90700FC5826BBD17D8710019 /* AmplifyModels.swift in Sources */ = {isa = PBXBuildFile; fileRef = DD8A2A4168A71AC21341641C /* AmplifyModels.swift */; };
		A6B64FF4298B2D1826145B83 /* Perception+Schema.swift in Sources */ = {isa = PBXBuildFile; fileRef = ACDE02F2AAA66A715974D8F5 /* Perception+Schema.swift */; };
		BD3D923C788D1582DF9275AE /* Pods_Mason.framework in Frameworks */ = {isa = PBXBuildFile; fileRef = E66A923E9990545A325AB547 /* Pods_Mason.framework */; };
		BE2C7AE6BAE0E2749B568E3D /* awsconfiguration.json in Resources */ = {isa = PBXBuildFile; fileRef = 1698652BFD727C984EED5559 /* awsconfiguration.json */; };
		DDEA41FCA13E7A8D2FE3B25B /* amplifyconfiguration.json in Resources */ = {isa = PBXBuildFile; fileRef = 2AAAF41BAFF58383C652CC0D /* amplifyconfiguration.json */; };
		E181C92A47F938FFF9B04F27 /* Questions+Schema.swift in Sources */ = {isa = PBXBuildFile; fileRef = 6BF300F3621D70AA9D4A1031 /* Questions+Schema.swift */; };
		E84BB4532D37A56772289952 /* User.swift in Sources */ = {isa = PBXBuildFile; fileRef = AD594EE6E4659ECC2B272D74 /* User.swift */; };
/* End PBXBuildFile section */

/* Begin PBXContainerItemProxy section */
		749AF4622730D5BF00D32AEA /* PBXContainerItemProxy */ = {
			isa = PBXContainerItemProxy;
			containerPortal = 749AF4432730D5BE00D32AEA /* Project object */;
			proxyType = 1;
			remoteGlobalIDString = 749AF44A2730D5BE00D32AEA;
			remoteInfo = Mason;
		};
		749AF46C2730D5BF00D32AEA /* PBXContainerItemProxy */ = {
			isa = PBXContainerItemProxy;
			containerPortal = 749AF4432730D5BE00D32AEA /* Project object */;
			proxyType = 1;
			remoteGlobalIDString = 749AF44A2730D5BE00D32AEA;
			remoteInfo = Mason;
		};
/* End PBXContainerItemProxy section */

/* Begin PBXFileReference section */
		1698652BFD727C984EED5559 /* awsconfiguration.json */ = {isa = PBXFileReference; explicitFileType = text.json; path = awsconfiguration.json; sourceTree = "<group>"; };
		2AAAF41BAFF58383C652CC0D /* amplifyconfiguration.json */ = {isa = PBXFileReference; explicitFileType = text.json; path = amplifyconfiguration.json; sourceTree = "<group>"; };
		6BF300F3621D70AA9D4A1031 /* Questions+Schema.swift */ = {isa = PBXFileReference; explicitFileType = sourcecode.swift; name = "Questions+Schema.swift"; path = "amplify/generated/models/Questions+Schema.swift"; sourceTree = "<group>"; };
		740ABCDE275719F20008DB4C /* VerifyUtil.swift */ = {isa = PBXFileReference; lastKnownFileType = sourcecode.swift; path = VerifyUtil.swift; sourceTree = "<group>"; };
		743AA82C275B5B720089D8EB /* AmplifyDataDao.swift */ = {isa = PBXFileReference; lastKnownFileType = sourcecode.swift; path = AmplifyDataDao.swift; sourceTree = "<group>"; };
		743AA82E275B741C0089D8EB /* NotifitionUtil.swift */ = {isa = PBXFileReference; lastKnownFileType = sourcecode.swift; path = NotifitionUtil.swift; sourceTree = "<group>"; };
		743B0269275D154A008AC0ED /* SystemUtil.swift */ = {isa = PBXFileReference; lastKnownFileType = sourcecode.swift; path = SystemUtil.swift; sourceTree = "<group>"; };
		7457128A273E7F2000432F90 /* Ques3ViewController.swift */ = {isa = PBXFileReference; lastKnownFileType = sourcecode.swift; path = Ques3ViewController.swift; sourceTree = "<group>"; };
		7457128C273E7F2C00432F90 /* Ques4ViewController.swift */ = {isa = PBXFileReference; lastKnownFileType = sourcecode.swift; path = Ques4ViewController.swift; sourceTree = "<group>"; };
		74664FE627464873009A0B82 /* FinishViewController.swift */ = {isa = PBXFileReference; lastKnownFileType = sourcecode.swift; path = FinishViewController.swift; sourceTree = "<group>"; };
		746C4D2C2733D2F600D36D20 /* awsconfiguration.json */ = {isa = PBXFileReference; fileEncoding = 4; lastKnownFileType = text.json; path = awsconfiguration.json; sourceTree = SOURCE_ROOT; };
		746C4D2D2733D2F600D36D20 /* amplifyconfiguration.json */ = {isa = PBXFileReference; fileEncoding = 4; lastKnownFileType = text.json; path = amplifyconfiguration.json; sourceTree = SOURCE_ROOT; };
		7476F11E27325E7800132908 /* HomeViewController.swift */ = {isa = PBXFileReference; lastKnownFileType = sourcecode.swift; path = HomeViewController.swift; sourceTree = "<group>"; };
		747CA4B7275A800900F8B864 /* AmplifyService.swift */ = {isa = PBXFileReference; lastKnownFileType = sourcecode.swift; path = AmplifyService.swift; sourceTree = "<group>"; };
		74899E48273D7051000E3F1F /* PrequestionController.swift */ = {isa = PBXFileReference; lastKnownFileType = sourcecode.swift; path = PrequestionController.swift; sourceTree = "<group>"; };
		74899E4C273D8571000E3F1F /* TapBarController.swift */ = {isa = PBXFileReference; lastKnownFileType = sourcecode.swift; path = TapBarController.swift; sourceTree = "<group>"; };
		74899E52273E3913000E3F1F /* Ques2ViewController.swift */ = {isa = PBXFileReference; lastKnownFileType = sourcecode.swift; path = Ques2ViewController.swift; sourceTree = "<group>"; };
		7492A2C527319E7800DCFE27 /* LoginViewController.swift */ = {isa = PBXFileReference; lastKnownFileType = sourcecode.swift; path = LoginViewController.swift; sourceTree = "<group>"; };
		7492A2C727319EA300DCFE27 /* RegisterViewController.swift */ = {isa = PBXFileReference; lastKnownFileType = sourcecode.swift; path = RegisterViewController.swift; sourceTree = "<group>"; };
		7492A2CB2731A25500DCFE27 /* ConfirmeViewController.swift */ = {isa = PBXFileReference; lastKnownFileType = sourcecode.swift; path = ConfirmeViewController.swift; sourceTree = "<group>"; };
		749AF44B2730D5BE00D32AEA /* Mason.app */ = {isa = PBXFileReference; explicitFileType = wrapper.application; includeInIndex = 0; path = Mason.app; sourceTree = BUILT_PRODUCTS_DIR; };
		749AF44E2730D5BE00D32AEA /* AppDelegate.swift */ = {isa = PBXFileReference; lastKnownFileType = sourcecode.swift; path = AppDelegate.swift; sourceTree = "<group>"; };
		749AF4502730D5BE00D32AEA /* SceneDelegate.swift */ = {isa = PBXFileReference; lastKnownFileType = sourcecode.swift; path = SceneDelegate.swift; sourceTree = "<group>"; };
		749AF4552730D5BE00D32AEA /* Base */ = {isa = PBXFileReference; lastKnownFileType = file.storyboard; name = Base; path = Base.lproj/Main.storyboard; sourceTree = "<group>"; };
		749AF4572730D5BF00D32AEA /* Assets.xcassets */ = {isa = PBXFileReference; lastKnownFileType = folder.assetcatalog; path = Assets.xcassets; sourceTree = "<group>"; };
		749AF45A2730D5BF00D32AEA /* Base */ = {isa = PBXFileReference; lastKnownFileType = file.storyboard; name = Base; path = Base.lproj/LaunchScreen.storyboard; sourceTree = "<group>"; };
		749AF45C2730D5BF00D32AEA /* Info.plist */ = {isa = PBXFileReference; lastKnownFileType = text.plist.xml; path = Info.plist; sourceTree = "<group>"; };
		749AF4612730D5BF00D32AEA /* MasonTests.xctest */ = {isa = PBXFileReference; explicitFileType = wrapper.cfbundle; includeInIndex = 0; path = MasonTests.xctest; sourceTree = BUILT_PRODUCTS_DIR; };
		749AF4652730D5BF00D32AEA /* MasonTests.swift */ = {isa = PBXFileReference; lastKnownFileType = sourcecode.swift; path = MasonTests.swift; sourceTree = "<group>"; };
		749AF46B2730D5BF00D32AEA /* MasonUITests.xctest */ = {isa = PBXFileReference; explicitFileType = wrapper.cfbundle; includeInIndex = 0; path = MasonUITests.xctest; sourceTree = BUILT_PRODUCTS_DIR; };
		749AF46F2730D5BF00D32AEA /* MasonUITests.swift */ = {isa = PBXFileReference; lastKnownFileType = sourcecode.swift; path = MasonUITests.swift; sourceTree = "<group>"; };
		749AF4712730D5BF00D32AEA /* MasonUITestsLaunchTests.swift */ = {isa = PBXFileReference; lastKnownFileType = sourcecode.swift; path = MasonUITestsLaunchTests.swift; sourceTree = "<group>"; };
		74C720882746C1CC009425AA /* PerContextViewController.swift */ = {isa = PBXFileReference; lastKnownFileType = sourcecode.swift; path = PerContextViewController.swift; sourceTree = "<group>"; };
		74C7208A27474756009425AA /* UserViewController.swift */ = {isa = PBXFileReference; lastKnownFileType = sourcecode.swift; path = UserViewController.swift; sourceTree = "<group>"; };
		74E83CCF2741FC68005CAA3F /* Ques5ViewController.swift */ = {isa = PBXFileReference; lastKnownFileType = sourcecode.swift; path = Ques5ViewController.swift; sourceTree = "<group>"; };
		74E83CD12742082E005CAA3F /* Ques6_1ViewController.swift */ = {isa = PBXFileReference; lastKnownFileType = sourcecode.swift; path = Ques6_1ViewController.swift; sourceTree = "<group>"; };
		74E83CD32742087B005CAA3F /* Ques6_2ViewController.swift */ = {isa = PBXFileReference; lastKnownFileType = sourcecode.swift; path = Ques6_2ViewController.swift; sourceTree = "<group>"; };
		74E83CD527420889005CAA3F /* Ques7ViewController.swift */ = {isa = PBXFileReference; lastKnownFileType = sourcecode.swift; path = Ques7ViewController.swift; sourceTree = "<group>"; };
		74E83CD72745D64A005CAA3F /* Ques8ViewController.swift */ = {isa = PBXFileReference; lastKnownFileType = sourcecode.swift; path = Ques8ViewController.swift; sourceTree = "<group>"; };
		74E83CDB2745D950005CAA3F /* Ques9ViewController.swift */ = {isa = PBXFileReference; lastKnownFileType = sourcecode.swift; path = Ques9ViewController.swift; sourceTree = "<group>"; };
		88C1AD27B84E3DA3385E73A8 /* Pods-Mason.release.xcconfig */ = {isa = PBXFileReference; includeInIndex = 1; lastKnownFileType = text.xcconfig; name = "Pods-Mason.release.xcconfig"; path = "Target Support Files/Pods-Mason/Pods-Mason.release.xcconfig"; sourceTree = "<group>"; };
		924CFF169826CC4D23A714FC /* Questions.swift */ = {isa = PBXFileReference; explicitFileType = sourcecode.swift; name = Questions.swift; path = amplify/generated/models/Questions.swift; sourceTree = "<group>"; };
		9D542921CF767CB7D3DA4181 /* User+Schema.swift */ = {isa = PBXFileReference; explicitFileType = sourcecode.swift; name = "User+Schema.swift"; path = "amplify/generated/models/User+Schema.swift"; sourceTree = "<group>"; };
		A4A095FE13ADCA830366EEBD /* Perception.swift */ = {isa = PBXFileReference; explicitFileType = sourcecode.swift; name = Perception.swift; path = amplify/generated/models/Perception.swift; sourceTree = "<group>"; };
		ACDE02F2AAA66A715974D8F5 /* Perception+Schema.swift */ = {isa = PBXFileReference; explicitFileType = sourcecode.swift; name = "Perception+Schema.swift"; path = "amplify/generated/models/Perception+Schema.swift"; sourceTree = "<group>"; };
		AD594EE6E4659ECC2B272D74 /* User.swift */ = {isa = PBXFileReference; explicitFileType = sourcecode.swift; name = User.swift; path = amplify/generated/models/User.swift; sourceTree = "<group>"; };
		D1F35F0993A22FCE5222EBC1 /* Pods-Mason.debug.xcconfig */ = {isa = PBXFileReference; includeInIndex = 1; lastKnownFileType = text.xcconfig; name = "Pods-Mason.debug.xcconfig"; path = "Target Support Files/Pods-Mason/Pods-Mason.debug.xcconfig"; sourceTree = "<group>"; };
		DD8A2A4168A71AC21341641C /* AmplifyModels.swift */ = {isa = PBXFileReference; explicitFileType = sourcecode.swift; name = AmplifyModels.swift; path = amplify/generated/models/AmplifyModels.swift; sourceTree = "<group>"; };
		E66A923E9990545A325AB547 /* Pods_Mason.framework */ = {isa = PBXFileReference; explicitFileType = wrapper.framework; includeInIndex = 0; path = Pods_Mason.framework; sourceTree = BUILT_PRODUCTS_DIR; };
/* End PBXFileReference section */

/* Begin PBXFrameworksBuildPhase section */
		749AF4482730D5BE00D32AEA /* Frameworks */ = {
			isa = PBXFrameworksBuildPhase;
			buildActionMask = 2147483647;
			files = (
				BD3D923C788D1582DF9275AE /* Pods_Mason.framework in Frameworks */,
			);
			runOnlyForDeploymentPostprocessing = 0;
		};
		749AF45E2730D5BF00D32AEA /* Frameworks */ = {
			isa = PBXFrameworksBuildPhase;
			buildActionMask = 2147483647;
			files = (
			);
			runOnlyForDeploymentPostprocessing = 0;
		};
		749AF4682730D5BF00D32AEA /* Frameworks */ = {
			isa = PBXFrameworksBuildPhase;
			buildActionMask = 2147483647;
			files = (
			);
			runOnlyForDeploymentPostprocessing = 0;
		};
/* End PBXFrameworksBuildPhase section */

/* Begin PBXGroup section */
		0B7D932CB79D54FB50CF702C /* Frameworks */ = {
			isa = PBXGroup;
			children = (
				E66A923E9990545A325AB547 /* Pods_Mason.framework */,
			);
			name = Frameworks;
			sourceTree = "<group>";
		};
		182C13D9E1980FDAD588698A /* AmplifyConfig */ = {
			isa = PBXGroup;
			children = (
				1698652BFD727C984EED5559 /* awsconfiguration.json */,
				2AAAF41BAFF58383C652CC0D /* amplifyconfiguration.json */,
			);
			name = AmplifyConfig;
			sourceTree = "<group>";
		};
		57D6FACCB6EBF6A6B8D7B93A /* AmplifyModels */ = {
			isa = PBXGroup;
			children = (
				DD8A2A4168A71AC21341641C /* AmplifyModels.swift */,
				ACDE02F2AAA66A715974D8F5 /* Perception+Schema.swift */,
				A4A095FE13ADCA830366EEBD /* Perception.swift */,
				6BF300F3621D70AA9D4A1031 /* Questions+Schema.swift */,
				924CFF169826CC4D23A714FC /* Questions.swift */,
				9D542921CF767CB7D3DA4181 /* User+Schema.swift */,
				AD594EE6E4659ECC2B272D74 /* User.swift */,
			);
			name = AmplifyModels;
			sourceTree = "<group>";
		};
		743AA826275AFFC00089D8EB /* Amplify */ = {
			isa = PBXGroup;
			children = (
				747CA4B7275A800900F8B864 /* AmplifyService.swift */,
				743AA82C275B5B720089D8EB /* AmplifyDataDao.swift */,
			);
			path = Amplify;
			sourceTree = "<group>";
		};
		743AA827275B5A330089D8EB /* Ques */ = {
			isa = PBXGroup;
			children = (
				74899E52273E3913000E3F1F /* Ques2ViewController.swift */,
				7457128A273E7F2000432F90 /* Ques3ViewController.swift */,
				7457128C273E7F2C00432F90 /* Ques4ViewController.swift */,
				74E83CCF2741FC68005CAA3F /* Ques5ViewController.swift */,
				74E83CD12742082E005CAA3F /* Ques6_1ViewController.swift */,
				74E83CD32742087B005CAA3F /* Ques6_2ViewController.swift */,
				74E83CD527420889005CAA3F /* Ques7ViewController.swift */,
				74E83CD72745D64A005CAA3F /* Ques8ViewController.swift */,
				74E83CDB2745D950005CAA3F /* Ques9ViewController.swift */,
			);
			path = Ques;
			sourceTree = "<group>";
		};
		743AA828275B5A620089D8EB /* Login */ = {
			isa = PBXGroup;
			children = (
				7492A2C527319E7800DCFE27 /* LoginViewController.swift */,
				7492A2C727319EA300DCFE27 /* RegisterViewController.swift */,
				7492A2CB2731A25500DCFE27 /* ConfirmeViewController.swift */,
			);
			path = Login;
			sourceTree = "<group>";
		};
		743AA829275B5A910089D8EB /* PresionMessage */ = {
			isa = PBXGroup;
			children = (
				74C720882746C1CC009425AA /* PerContextViewController.swift */,
				74899E48273D7051000E3F1F /* PrequestionController.swift */,
			);
			path = PresionMessage;
			sourceTree = "<group>";
		};
		743AA82A275B5AB30089D8EB /* Util */ = {
			isa = PBXGroup;
			children = (
				740ABCDE275719F20008DB4C /* VerifyUtil.swift */,
				743AA82E275B741C0089D8EB /* NotifitionUtil.swift */,
				743B0269275D154A008AC0ED /* SystemUtil.swift */,
			);
			path = Util;
			sourceTree = "<group>";
		};
		743AA82B275B5AD50089D8EB /* User */ = {
			isa = PBXGroup;
			children = (
				74C7208A27474756009425AA /* UserViewController.swift */,
			);
			path = User;
			sourceTree = "<group>";
		};
		749AF4422730D5BE00D32AEA = {
			isa = PBXGroup;
			children = (
				749AF44D2730D5BE00D32AEA /* Mason */,
				749AF4642730D5BF00D32AEA /* MasonTests */,
				749AF46E2730D5BF00D32AEA /* MasonUITests */,
				749AF44C2730D5BE00D32AEA /* Products */,
				AD35FBA8BB0B24460D9E7008 /* Pods */,
				0B7D932CB79D54FB50CF702C /* Frameworks */,
				182C13D9E1980FDAD588698A /* AmplifyConfig */,
				57D6FACCB6EBF6A6B8D7B93A /* AmplifyModels */,
			);
			sourceTree = "<group>";
		};
		749AF44C2730D5BE00D32AEA /* Products */ = {
			isa = PBXGroup;
			children = (
				749AF44B2730D5BE00D32AEA /* Mason.app */,
				749AF4612730D5BF00D32AEA /* MasonTests.xctest */,
				749AF46B2730D5BF00D32AEA /* MasonUITests.xctest */,
			);
			name = Products;
			sourceTree = "<group>";
		};
		749AF44D2730D5BE00D32AEA /* Mason */ = {
			isa = PBXGroup;
			children = (
				743AA82B275B5AD50089D8EB /* User */,
				743AA82A275B5AB30089D8EB /* Util */,
				743AA829275B5A910089D8EB /* PresionMessage */,
				743AA828275B5A620089D8EB /* Login */,
				743AA827275B5A330089D8EB /* Ques */,
				743AA826275AFFC00089D8EB /* Amplify */,
				746C4D2D2733D2F600D36D20 /* amplifyconfiguration.json */,
				746C4D2C2733D2F600D36D20 /* awsconfiguration.json */,
				749AF44E2730D5BE00D32AEA /* AppDelegate.swift */,
				749AF4502730D5BE00D32AEA /* SceneDelegate.swift */,
				7476F11E27325E7800132908 /* HomeViewController.swift */,
				74899E4C273D8571000E3F1F /* TapBarController.swift */,
				749AF4542730D5BE00D32AEA /* Main.storyboard */,
				74664FE627464873009A0B82 /* FinishViewController.swift */,
				749AF4572730D5BF00D32AEA /* Assets.xcassets */,
				749AF4592730D5BF00D32AEA /* LaunchScreen.storyboard */,
				749AF45C2730D5BF00D32AEA /* Info.plist */,
			);
			path = Mason;
			sourceTree = "<group>";
		};
		749AF4642730D5BF00D32AEA /* MasonTests */ = {
			isa = PBXGroup;
			children = (
				749AF4652730D5BF00D32AEA /* MasonTests.swift */,
			);
			path = MasonTests;
			sourceTree = "<group>";
		};
		749AF46E2730D5BF00D32AEA /* MasonUITests */ = {
			isa = PBXGroup;
			children = (
				749AF46F2730D5BF00D32AEA /* MasonUITests.swift */,
				749AF4712730D5BF00D32AEA /* MasonUITestsLaunchTests.swift */,
			);
			path = MasonUITests;
			sourceTree = "<group>";
		};
		AD35FBA8BB0B24460D9E7008 /* Pods */ = {
			isa = PBXGroup;
			children = (
				D1F35F0993A22FCE5222EBC1 /* Pods-Mason.debug.xcconfig */,
				88C1AD27B84E3DA3385E73A8 /* Pods-Mason.release.xcconfig */,
			);
			path = Pods;
			sourceTree = "<group>";
		};
/* End PBXGroup section */

/* Begin PBXNativeTarget section */
		749AF44A2730D5BE00D32AEA /* Mason */ = {
			isa = PBXNativeTarget;
			buildConfigurationList = 749AF4752730D5BF00D32AEA /* Build configuration list for PBXNativeTarget "Mason" */;
			buildPhases = (
				0C9F178424690B141381F6EF /* [CP] Check Pods Manifest.lock */,
				749AF4472730D5BE00D32AEA /* Sources */,
				749AF4482730D5BE00D32AEA /* Frameworks */,
				749AF4492730D5BE00D32AEA /* Resources */,
				39A11B3D7E1A0E3CAB7A56C1 /* [CP] Embed Pods Frameworks */,
			);
			buildRules = (
			);
			dependencies = (
			);
			name = Mason;
			productName = Mason;
			productReference = 749AF44B2730D5BE00D32AEA /* Mason.app */;
			productType = "com.apple.product-type.application";
		};
		749AF4602730D5BF00D32AEA /* MasonTests */ = {
			isa = PBXNativeTarget;
			buildConfigurationList = 749AF4782730D5BF00D32AEA /* Build configuration list for PBXNativeTarget "MasonTests" */;
			buildPhases = (
				749AF45D2730D5BF00D32AEA /* Sources */,
				749AF45E2730D5BF00D32AEA /* Frameworks */,
				749AF45F2730D5BF00D32AEA /* Resources */,
			);
			buildRules = (
			);
			dependencies = (
				749AF4632730D5BF00D32AEA /* PBXTargetDependency */,
			);
			name = MasonTests;
			productName = MasonTests;
			productReference = 749AF4612730D5BF00D32AEA /* MasonTests.xctest */;
			productType = "com.apple.product-type.bundle.unit-test";
		};
		749AF46A2730D5BF00D32AEA /* MasonUITests */ = {
			isa = PBXNativeTarget;
			buildConfigurationList = 749AF47B2730D5BF00D32AEA /* Build configuration list for PBXNativeTarget "MasonUITests" */;
			buildPhases = (
				749AF4672730D5BF00D32AEA /* Sources */,
				749AF4682730D5BF00D32AEA /* Frameworks */,
				749AF4692730D5BF00D32AEA /* Resources */,
			);
			buildRules = (
			);
			dependencies = (
				749AF46D2730D5BF00D32AEA /* PBXTargetDependency */,
			);
			name = MasonUITests;
			productName = MasonUITests;
			productReference = 749AF46B2730D5BF00D32AEA /* MasonUITests.xctest */;
			productType = "com.apple.product-type.bundle.ui-testing";
		};
/* End PBXNativeTarget section */

/* Begin PBXProject section */
		749AF4432730D5BE00D32AEA /* Project object */ = {
			isa = PBXProject;
			attributes = {
				BuildIndependentTargetsInParallel = 1;
				LastSwiftUpdateCheck = 1310;
				LastUpgradeCheck = 1310;
				TargetAttributes = {
					749AF44A2730D5BE00D32AEA = {
						CreatedOnToolsVersion = 13.1;
					};
					749AF4602730D5BF00D32AEA = {
						CreatedOnToolsVersion = 13.1;
						TestTargetID = 749AF44A2730D5BE00D32AEA;
					};
					749AF46A2730D5BF00D32AEA = {
						CreatedOnToolsVersion = 13.1;
						TestTargetID = 749AF44A2730D5BE00D32AEA;
					};
				};
			};
			buildConfigurationList = 749AF4462730D5BE00D32AEA /* Build configuration list for PBXProject "Mason" */;
			compatibilityVersion = "Xcode 13.0";
			developmentRegion = en;
			hasScannedForEncodings = 0;
			knownRegions = (
				en,
				Base,
			);
			mainGroup = 749AF4422730D5BE00D32AEA;
			productRefGroup = 749AF44C2730D5BE00D32AEA /* Products */;
			projectDirPath = "";
			projectRoot = "";
			targets = (
				749AF44A2730D5BE00D32AEA /* Mason */,
				749AF4602730D5BF00D32AEA /* MasonTests */,
				749AF46A2730D5BF00D32AEA /* MasonUITests */,
			);
		};
/* End PBXProject section */

/* Begin PBXResourcesBuildPhase section */
		749AF4492730D5BE00D32AEA /* Resources */ = {
			isa = PBXResourcesBuildPhase;
			buildActionMask = 2147483647;
			files = (
				749AF45B2730D5BF00D32AEA /* LaunchScreen.storyboard in Resources */,
				749AF4582730D5BF00D32AEA /* Assets.xcassets in Resources */,
				746C4D2E2733D2F600D36D20 /* awsconfiguration.json in Resources */,
				746C4D2F2733D2F600D36D20 /* amplifyconfiguration.json in Resources */,
				749AF4562730D5BE00D32AEA /* Main.storyboard in Resources */,
				BE2C7AE6BAE0E2749B568E3D /* awsconfiguration.json in Resources */,
				DDEA41FCA13E7A8D2FE3B25B /* amplifyconfiguration.json in Resources */,
			);
			runOnlyForDeploymentPostprocessing = 0;
		};
		749AF45F2730D5BF00D32AEA /* Resources */ = {
			isa = PBXResourcesBuildPhase;
			buildActionMask = 2147483647;
			files = (
			);
			runOnlyForDeploymentPostprocessing = 0;
		};
		749AF4692730D5BF00D32AEA /* Resources */ = {
			isa = PBXResourcesBuildPhase;
			buildActionMask = 2147483647;
			files = (
			);
			runOnlyForDeploymentPostprocessing = 0;
		};
/* End PBXResourcesBuildPhase section */

/* Begin PBXShellScriptBuildPhase section */
		0C9F178424690B141381F6EF /* [CP] Check Pods Manifest.lock */ = {
			isa = PBXShellScriptBuildPhase;
			buildActionMask = 2147483647;
			files = (
			);
			inputFileListPaths = (
			);
			inputPaths = (
				"${PODS_PODFILE_DIR_PATH}/Podfile.lock",
				"${PODS_ROOT}/Manifest.lock",
			);
			name = "[CP] Check Pods Manifest.lock";
			outputFileListPaths = (
			);
			outputPaths = (
				"$(DERIVED_FILE_DIR)/Pods-Mason-checkManifestLockResult.txt",
			);
			runOnlyForDeploymentPostprocessing = 0;
			shellPath = /bin/sh;
			shellScript = "diff \"${PODS_PODFILE_DIR_PATH}/Podfile.lock\" \"${PODS_ROOT}/Manifest.lock\" > /dev/null\nif [ $? != 0 ] ; then\n    # print error to STDERR\n    echo \"error: The sandbox is not in sync with the Podfile.lock. Run 'pod install' or update your CocoaPods installation.\" >&2\n    exit 1\nfi\n# This output is used by Xcode 'outputs' to avoid re-running this script phase.\necho \"SUCCESS\" > \"${SCRIPT_OUTPUT_FILE_0}\"\n";
			showEnvVarsInLog = 0;
		};
		39A11B3D7E1A0E3CAB7A56C1 /* [CP] Embed Pods Frameworks */ = {
			isa = PBXShellScriptBuildPhase;
			buildActionMask = 2147483647;
			files = (
			);
			inputFileListPaths = (
				"${PODS_ROOT}/Target Support Files/Pods-Mason/Pods-Mason-frameworks-${CONFIGURATION}-input-files.xcfilelist",
			);
			name = "[CP] Embed Pods Frameworks";
			outputFileListPaths = (
				"${PODS_ROOT}/Target Support Files/Pods-Mason/Pods-Mason-frameworks-${CONFIGURATION}-output-files.xcfilelist",
			);
			runOnlyForDeploymentPostprocessing = 0;
			shellPath = /bin/sh;
			shellScript = "\"${PODS_ROOT}/Target Support Files/Pods-Mason/Pods-Mason-frameworks.sh\"\n";
			showEnvVarsInLog = 0;
		};
/* End PBXShellScriptBuildPhase section */

/* Begin PBXSourcesBuildPhase section */
		749AF4472730D5BE00D32AEA /* Sources */ = {
			isa = PBXSourcesBuildPhase;
			buildActionMask = 2147483647;
			files = (
				74899E49273D7051000E3F1F /* PrequestionController.swift in Sources */,
				7492A2CC2731A25500DCFE27 /* ConfirmeViewController.swift in Sources */,
				7492A2C827319EA300DCFE27 /* RegisterViewController.swift in Sources */,
				74664FE727464873009A0B82 /* FinishViewController.swift in Sources */,
				74899E4D273D8571000E3F1F /* TapBarController.swift in Sources */,
				74E83CD22742082E005CAA3F /* Ques6_1ViewController.swift in Sources */,
				743AA82D275B5B720089D8EB /* AmplifyDataDao.swift in Sources */,
				749AF44F2730D5BE00D32AEA /* AppDelegate.swift in Sources */,
				74E83CD02741FC68005CAA3F /* Ques5ViewController.swift in Sources */,
				7492A2C627319E7800DCFE27 /* LoginViewController.swift in Sources */,
				7476F11F27325E7800132908 /* HomeViewController.swift in Sources */,
				74899E53273E3913000E3F1F /* Ques2ViewController.swift in Sources */,
				747CA4B8275A800900F8B864 /* AmplifyService.swift in Sources */,
				749AF4512730D5BE00D32AEA /* SceneDelegate.swift in Sources */,
				743B026A275D154A008AC0ED /* SystemUtil.swift in Sources */,
				90700FC5826BBD17D8710019 /* AmplifyModels.swift in Sources */,
				743AA82F275B741C0089D8EB /* NotifitionUtil.swift in Sources */,
				A6B64FF4298B2D1826145B83 /* Perception+Schema.swift in Sources */,
				74E83CD42742087B005CAA3F /* Ques6_2ViewController.swift in Sources */,
				74E83CDC2745D950005CAA3F /* Ques9ViewController.swift in Sources */,
				7457128D273E7F2C00432F90 /* Ques4ViewController.swift in Sources */,
				740ABCDF275719F20008DB4C /* VerifyUtil.swift in Sources */,
				567FBAE80AD2EED1F0D4E52E /* Perception.swift in Sources */,
				74E83CD82745D64A005CAA3F /* Ques8ViewController.swift in Sources */,
				E181C92A47F938FFF9B04F27 /* Questions+Schema.swift in Sources */,
				74C7208B27474756009425AA /* UserViewController.swift in Sources */,
				7457128B273E7F2000432F90 /* Ques3ViewController.swift in Sources */,
				63BD69E62E51911CC569212A /* Questions.swift in Sources */,
				1C0B314B73EBE3DF136B3312 /* User+Schema.swift in Sources */,
				74C720892746C1CC009425AA /* PerContextViewController.swift in Sources */,
				E84BB4532D37A56772289952 /* User.swift in Sources */,
				74E83CD627420889005CAA3F /* Ques7ViewController.swift in Sources */,
			);
			runOnlyForDeploymentPostprocessing = 0;
		};
		749AF45D2730D5BF00D32AEA /* Sources */ = {
			isa = PBXSourcesBuildPhase;
			buildActionMask = 2147483647;
			files = (
				749AF4662730D5BF00D32AEA /* MasonTests.swift in Sources */,
			);
			runOnlyForDeploymentPostprocessing = 0;
		};
		749AF4672730D5BF00D32AEA /* Sources */ = {
			isa = PBXSourcesBuildPhase;
			buildActionMask = 2147483647;
			files = (
				749AF4702730D5BF00D32AEA /* MasonUITests.swift in Sources */,
				749AF4722730D5BF00D32AEA /* MasonUITestsLaunchTests.swift in Sources */,
			);
			runOnlyForDeploymentPostprocessing = 0;
		};
/* End PBXSourcesBuildPhase section */

/* Begin PBXTargetDependency section */
		749AF4632730D5BF00D32AEA /* PBXTargetDependency */ = {
			isa = PBXTargetDependency;
			target = 749AF44A2730D5BE00D32AEA /* Mason */;
			targetProxy = 749AF4622730D5BF00D32AEA /* PBXContainerItemProxy */;
		};
		749AF46D2730D5BF00D32AEA /* PBXTargetDependency */ = {
			isa = PBXTargetDependency;
			target = 749AF44A2730D5BE00D32AEA /* Mason */;
			targetProxy = 749AF46C2730D5BF00D32AEA /* PBXContainerItemProxy */;
		};
/* End PBXTargetDependency section */

/* Begin PBXVariantGroup section */
		749AF4542730D5BE00D32AEA /* Main.storyboard */ = {
			isa = PBXVariantGroup;
			children = (
				749AF4552730D5BE00D32AEA /* Base */,
			);
			name = Main.storyboard;
			sourceTree = "<group>";
		};
		749AF4592730D5BF00D32AEA /* LaunchScreen.storyboard */ = {
			isa = PBXVariantGroup;
			children = (
				749AF45A2730D5BF00D32AEA /* Base */,
			);
			name = LaunchScreen.storyboard;
			sourceTree = "<group>";
		};
/* End PBXVariantGroup section */

/* Begin XCBuildConfiguration section */
		749AF4732730D5BF00D32AEA /* Debug */ = {
			isa = XCBuildConfiguration;
			buildSettings = {
				ALWAYS_SEARCH_USER_PATHS = NO;
				CLANG_ANALYZER_NONNULL = YES;
				CLANG_ANALYZER_NUMBER_OBJECT_CONVERSION = YES_AGGRESSIVE;
				CLANG_CXX_LANGUAGE_STANDARD = "gnu++17";
				CLANG_CXX_LIBRARY = "libc++";
				CLANG_ENABLE_MODULES = YES;
				CLANG_ENABLE_OBJC_ARC = YES;
				CLANG_ENABLE_OBJC_WEAK = YES;
				CLANG_WARN_BLOCK_CAPTURE_AUTORELEASING = YES;
				CLANG_WARN_BOOL_CONVERSION = YES;
				CLANG_WARN_COMMA = YES;
				CLANG_WARN_CONSTANT_CONVERSION = YES;
				CLANG_WARN_DEPRECATED_OBJC_IMPLEMENTATIONS = YES;
				CLANG_WARN_DIRECT_OBJC_ISA_USAGE = YES_ERROR;
				CLANG_WARN_DOCUMENTATION_COMMENTS = YES;
				CLANG_WARN_EMPTY_BODY = YES;
				CLANG_WARN_ENUM_CONVERSION = YES;
				CLANG_WARN_INFINITE_RECURSION = YES;
				CLANG_WARN_INT_CONVERSION = YES;
				CLANG_WARN_NON_LITERAL_NULL_CONVERSION = YES;
				CLANG_WARN_OBJC_IMPLICIT_RETAIN_SELF = YES;
				CLANG_WARN_OBJC_LITERAL_CONVERSION = YES;
				CLANG_WARN_OBJC_ROOT_CLASS = YES_ERROR;
				CLANG_WARN_QUOTED_INCLUDE_IN_FRAMEWORK_HEADER = YES;
				CLANG_WARN_RANGE_LOOP_ANALYSIS = YES;
				CLANG_WARN_STRICT_PROTOTYPES = YES;
				CLANG_WARN_SUSPICIOUS_MOVE = YES;
				CLANG_WARN_UNGUARDED_AVAILABILITY = YES_AGGRESSIVE;
				CLANG_WARN_UNREACHABLE_CODE = YES;
				CLANG_WARN__DUPLICATE_METHOD_MATCH = YES;
				COPY_PHASE_STRIP = NO;
				DEBUG_INFORMATION_FORMAT = dwarf;
				ENABLE_STRICT_OBJC_MSGSEND = YES;
				ENABLE_TESTABILITY = YES;
				GCC_C_LANGUAGE_STANDARD = gnu11;
				GCC_DYNAMIC_NO_PIC = NO;
				GCC_NO_COMMON_BLOCKS = YES;
				GCC_OPTIMIZATION_LEVEL = 0;
				GCC_PREPROCESSOR_DEFINITIONS = (
					"DEBUG=1",
					"$(inherited)",
				);
				GCC_WARN_64_TO_32_BIT_CONVERSION = YES;
				GCC_WARN_ABOUT_RETURN_TYPE = YES_ERROR;
				GCC_WARN_UNDECLARED_SELECTOR = YES;
				GCC_WARN_UNINITIALIZED_AUTOS = YES_AGGRESSIVE;
				GCC_WARN_UNUSED_FUNCTION = YES;
				GCC_WARN_UNUSED_VARIABLE = YES;
				IPHONEOS_DEPLOYMENT_TARGET = 13.1;
				MTL_ENABLE_DEBUG_INFO = INCLUDE_SOURCE;
				MTL_FAST_MATH = YES;
				ONLY_ACTIVE_ARCH = YES;
				SDKROOT = iphoneos;
				SWIFT_ACTIVE_COMPILATION_CONDITIONS = DEBUG;
				SWIFT_OPTIMIZATION_LEVEL = "-Onone";
			};
			name = Debug;
		};
		749AF4742730D5BF00D32AEA /* Release */ = {
			isa = XCBuildConfiguration;
			buildSettings = {
				ALWAYS_SEARCH_USER_PATHS = NO;
				CLANG_ANALYZER_NONNULL = YES;
				CLANG_ANALYZER_NUMBER_OBJECT_CONVERSION = YES_AGGRESSIVE;
				CLANG_CXX_LANGUAGE_STANDARD = "gnu++17";
				CLANG_CXX_LIBRARY = "libc++";
				CLANG_ENABLE_MODULES = YES;
				CLANG_ENABLE_OBJC_ARC = YES;
				CLANG_ENABLE_OBJC_WEAK = YES;
				CLANG_WARN_BLOCK_CAPTURE_AUTORELEASING = YES;
				CLANG_WARN_BOOL_CONVERSION = YES;
				CLANG_WARN_COMMA = YES;
				CLANG_WARN_CONSTANT_CONVERSION = YES;
				CLANG_WARN_DEPRECATED_OBJC_IMPLEMENTATIONS = YES;
				CLANG_WARN_DIRECT_OBJC_ISA_USAGE = YES_ERROR;
				CLANG_WARN_DOCUMENTATION_COMMENTS = YES;
				CLANG_WARN_EMPTY_BODY = YES;
				CLANG_WARN_ENUM_CONVERSION = YES;
				CLANG_WARN_INFINITE_RECURSION = YES;
				CLANG_WARN_INT_CONVERSION = YES;
				CLANG_WARN_NON_LITERAL_NULL_CONVERSION = YES;
				CLANG_WARN_OBJC_IMPLICIT_RETAIN_SELF = YES;
				CLANG_WARN_OBJC_LITERAL_CONVERSION = YES;
				CLANG_WARN_OBJC_ROOT_CLASS = YES_ERROR;
				CLANG_WARN_QUOTED_INCLUDE_IN_FRAMEWORK_HEADER = YES;
				CLANG_WARN_RANGE_LOOP_ANALYSIS = YES;
				CLANG_WARN_STRICT_PROTOTYPES = YES;
				CLANG_WARN_SUSPICIOUS_MOVE = YES;
				CLANG_WARN_UNGUARDED_AVAILABILITY = YES_AGGRESSIVE;
				CLANG_WARN_UNREACHABLE_CODE = YES;
				CLANG_WARN__DUPLICATE_METHOD_MATCH = YES;
				COPY_PHASE_STRIP = NO;
				DEBUG_INFORMATION_FORMAT = "dwarf-with-dsym";
				ENABLE_NS_ASSERTIONS = NO;
				ENABLE_STRICT_OBJC_MSGSEND = YES;
				GCC_C_LANGUAGE_STANDARD = gnu11;
				GCC_NO_COMMON_BLOCKS = YES;
				GCC_WARN_64_TO_32_BIT_CONVERSION = YES;
				GCC_WARN_ABOUT_RETURN_TYPE = YES_ERROR;
				GCC_WARN_UNDECLARED_SELECTOR = YES;
				GCC_WARN_UNINITIALIZED_AUTOS = YES_AGGRESSIVE;
				GCC_WARN_UNUSED_FUNCTION = YES;
				GCC_WARN_UNUSED_VARIABLE = YES;
				IPHONEOS_DEPLOYMENT_TARGET = 13.1;
				MTL_ENABLE_DEBUG_INFO = NO;
				MTL_FAST_MATH = YES;
				SDKROOT = iphoneos;
				SWIFT_COMPILATION_MODE = wholemodule;
				SWIFT_OPTIMIZATION_LEVEL = "-O";
				VALIDATE_PRODUCT = YES;
			};
			name = Release;
		};
		749AF4762730D5BF00D32AEA /* Debug */ = {
			isa = XCBuildConfiguration;
			baseConfigurationReference = D1F35F0993A22FCE5222EBC1 /* Pods-Mason.debug.xcconfig */;
			buildSettings = {
				ASSETCATALOG_COMPILER_APPICON_NAME = AppIcon;
				ASSETCATALOG_COMPILER_GLOBAL_ACCENT_COLOR_NAME = AccentColor;
				CODE_SIGN_STYLE = Automatic;
				CURRENT_PROJECT_VERSION = 3;
				DEVELOPMENT_TEAM = CMLZ78T85W;
				GENERATE_INFOPLIST_FILE = YES;
				INFOPLIST_FILE = Mason/Info.plist;
				INFOPLIST_KEY_CFBundleDisplayName = Gradwyn;
				INFOPLIST_KEY_UIApplicationSupportsIndirectInputEvents = YES;
				INFOPLIST_KEY_UILaunchStoryboardName = LaunchScreen;
				INFOPLIST_KEY_UIMainStoryboardFile = Main;
				INFOPLIST_KEY_UISupportedInterfaceOrientations_iPad = "UIInterfaceOrientationPortrait UIInterfaceOrientationPortraitUpsideDown UIInterfaceOrientationLandscapeLeft UIInterfaceOrientationLandscapeRight";
				INFOPLIST_KEY_UISupportedInterfaceOrientations_iPhone = "UIInterfaceOrientationPortrait UIInterfaceOrientationLandscapeLeft UIInterfaceOrientationLandscapeRight";
				IPHONEOS_DEPLOYMENT_TARGET = 13.1;
				LD_RUNPATH_SEARCH_PATHS = (
					"$(inherited)",
					"@executable_path/Frameworks",
				);
				MARKETING_VERSION = 1.1.3;
				PRODUCT_BUNDLE_IDENTIFIER = com.george.mason.gradwyn;
				PRODUCT_NAME = "$(TARGET_NAME)";
				SWIFT_EMIT_LOC_STRINGS = YES;
				SWIFT_VERSION = 5.0;
				TARGETED_DEVICE_FAMILY = "1,2";
			};
			name = Debug;
		};
		749AF4772730D5BF00D32AEA /* Release */ = {
			isa = XCBuildConfiguration;
			baseConfigurationReference = 88C1AD27B84E3DA3385E73A8 /* Pods-Mason.release.xcconfig */;
			buildSettings = {
				ASSETCATALOG_COMPILER_APPICON_NAME = AppIcon;
				ASSETCATALOG_COMPILER_GLOBAL_ACCENT_COLOR_NAME = AccentColor;
				CODE_SIGN_STYLE = Automatic;
				CURRENT_PROJECT_VERSION = 3;
				DEVELOPMENT_TEAM = CMLZ78T85W;
				GENERATE_INFOPLIST_FILE = YES;
				INFOPLIST_FILE = Mason/Info.plist;
				INFOPLIST_KEY_CFBundleDisplayName = Gradwyn;
				INFOPLIST_KEY_UIApplicationSupportsIndirectInputEvents = YES;
				INFOPLIST_KEY_UILaunchStoryboardName = LaunchScreen;
				INFOPLIST_KEY_UIMainStoryboardFile = Main;
				INFOPLIST_KEY_UISupportedInterfaceOrientations_iPad = "UIInterfaceOrientationPortrait UIInterfaceOrientationPortraitUpsideDown UIInterfaceOrientationLandscapeLeft UIInterfaceOrientationLandscapeRight";
				INFOPLIST_KEY_UISupportedInterfaceOrientations_iPhone = "UIInterfaceOrientationPortrait UIInterfaceOrientationLandscapeLeft UIInterfaceOrientationLandscapeRight";
				IPHONEOS_DEPLOYMENT_TARGET = 13.1;
				LD_RUNPATH_SEARCH_PATHS = (
					"$(inherited)",
					"@executable_path/Frameworks",
				);
				MARKETING_VERSION = 1.1.3;
				PRODUCT_BUNDLE_IDENTIFIER = com.george.mason.gradwyn;
				PRODUCT_NAME = "$(TARGET_NAME)";
				SWIFT_EMIT_LOC_STRINGS = YES;
				SWIFT_VERSION = 5.0;
				TARGETED_DEVICE_FAMILY = "1,2";
			};
			name = Release;
		};
		749AF4792730D5BF00D32AEA /* Debug */ = {
			isa = XCBuildConfiguration;
			buildSettings = {
				ALWAYS_EMBED_SWIFT_STANDARD_LIBRARIES = YES;
				BUNDLE_LOADER = "$(TEST_HOST)";
				CODE_SIGN_STYLE = Automatic;
				CURRENT_PROJECT_VERSION = 1;
				DEVELOPMENT_TEAM = B74D6LP9GZ;
				GENERATE_INFOPLIST_FILE = YES;
				IPHONEOS_DEPLOYMENT_TARGET = 15.0;
				LD_RUNPATH_SEARCH_PATHS = (
					"$(inherited)",
					"@executable_path/Frameworks",
					"@loader_path/Frameworks",
				);
				MARKETING_VERSION = 1.0;
				PRODUCT_BUNDLE_IDENTIFIER = com.george.mason.MasonTests;
				PRODUCT_NAME = "$(TARGET_NAME)";
				SWIFT_EMIT_LOC_STRINGS = NO;
				SWIFT_VERSION = 5.0;
				TARGETED_DEVICE_FAMILY = "1,2";
				TEST_HOST = "$(BUILT_PRODUCTS_DIR)/Mason.app/Mason";
			};
			name = Debug;
		};
		749AF47A2730D5BF00D32AEA /* Release */ = {
			isa = XCBuildConfiguration;
			buildSettings = {
				ALWAYS_EMBED_SWIFT_STANDARD_LIBRARIES = YES;
				BUNDLE_LOADER = "$(TEST_HOST)";
				CODE_SIGN_STYLE = Automatic;
				CURRENT_PROJECT_VERSION = 1;
				DEVELOPMENT_TEAM = B74D6LP9GZ;
				GENERATE_INFOPLIST_FILE = YES;
				IPHONEOS_DEPLOYMENT_TARGET = 15.0;
				LD_RUNPATH_SEARCH_PATHS = (
					"$(inherited)",
					"@executable_path/Frameworks",
					"@loader_path/Frameworks",
				);
				MARKETING_VERSION = 1.0;
				PRODUCT_BUNDLE_IDENTIFIER = com.george.mason.MasonTests;
				PRODUCT_NAME = "$(TARGET_NAME)";
				SWIFT_EMIT_LOC_STRINGS = NO;
				SWIFT_VERSION = 5.0;
				TARGETED_DEVICE_FAMILY = "1,2";
				TEST_HOST = "$(BUILT_PRODUCTS_DIR)/Mason.app/Mason";
			};
			name = Release;
		};
		749AF47C2730D5BF00D32AEA /* Debug */ = {
			isa = XCBuildConfiguration;
			buildSettings = {
				ALWAYS_EMBED_SWIFT_STANDARD_LIBRARIES = YES;
				CODE_SIGN_STYLE = Automatic;
				CURRENT_PROJECT_VERSION = 1;
				DEVELOPMENT_TEAM = B74D6LP9GZ;
				GENERATE_INFOPLIST_FILE = YES;
				LD_RUNPATH_SEARCH_PATHS = (
					"$(inherited)",
					"@executable_path/Frameworks",
					"@loader_path/Frameworks",
				);
				MARKETING_VERSION = 1.0;
				PRODUCT_BUNDLE_IDENTIFIER = com.george.mason.MasonUITests;
				PRODUCT_NAME = "$(TARGET_NAME)";
				SWIFT_EMIT_LOC_STRINGS = NO;
				SWIFT_VERSION = 5.0;
				TARGETED_DEVICE_FAMILY = "1,2";
				TEST_TARGET_NAME = Mason;
			};
			name = Debug;
		};
		749AF47D2730D5BF00D32AEA /* Release */ = {
			isa = XCBuildConfiguration;
			buildSettings = {
				ALWAYS_EMBED_SWIFT_STANDARD_LIBRARIES = YES;
				CODE_SIGN_STYLE = Automatic;
				CURRENT_PROJECT_VERSION = 1;
				DEVELOPMENT_TEAM = B74D6LP9GZ;
				GENERATE_INFOPLIST_FILE = YES;
				LD_RUNPATH_SEARCH_PATHS = (
					"$(inherited)",
					"@executable_path/Frameworks",
					"@loader_path/Frameworks",
				);
				MARKETING_VERSION = 1.0;
				PRODUCT_BUNDLE_IDENTIFIER = com.george.mason.MasonUITests;
				PRODUCT_NAME = "$(TARGET_NAME)";
				SWIFT_EMIT_LOC_STRINGS = NO;
				SWIFT_VERSION = 5.0;
				TARGETED_DEVICE_FAMILY = "1,2";
				TEST_TARGET_NAME = Mason;
			};
			name = Release;
		};
/* End XCBuildConfiguration section */

/* Begin XCConfigurationList section */
		749AF4462730D5BE00D32AEA /* Build configuration list for PBXProject "Mason" */ = {
			isa = XCConfigurationList;
			buildConfigurations = (
				749AF4732730D5BF00D32AEA /* Debug */,
				749AF4742730D5BF00D32AEA /* Release */,
			);
			defaultConfigurationIsVisible = 0;
			defaultConfigurationName = Release;
		};
		749AF4752730D5BF00D32AEA /* Build configuration list for PBXNativeTarget "Mason" */ = {
			isa = XCConfigurationList;
			buildConfigurations = (
				749AF4762730D5BF00D32AEA /* Debug */,
				749AF4772730D5BF00D32AEA /* Release */,
			);
			defaultConfigurationIsVisible = 0;
			defaultConfigurationName = Release;
		};
		749AF4782730D5BF00D32AEA /* Build configuration list for PBXNativeTarget "MasonTests" */ = {
			isa = XCConfigurationList;
			buildConfigurations = (
				749AF4792730D5BF00D32AEA /* Debug */,
				749AF47A2730D5BF00D32AEA /* Release */,
			);
			defaultConfigurationIsVisible = 0;
			defaultConfigurationName = Release;
		};
		749AF47B2730D5BF00D32AEA /* Build configuration list for PBXNativeTarget "MasonUITests" */ = {
			isa = XCConfigurationList;
			buildConfigurations = (
				749AF47C2730D5BF00D32AEA /* Debug */,
				749AF47D2730D5BF00D32AEA /* Release */,
			);
			defaultConfigurationIsVisible = 0;
			defaultConfigurationName = Release;
		};
/* End XCConfigurationList section */
	};
	rootObject = 749AF4432730D5BE00D32AEA /* Project object */;
}
